
Microsoft Visual Studio Solution File, Format Version 12.00
# Visual Studio Version 17
VisualStudioVersion = 17.0.31903.59
MinimumVisualStudioVersion = 10.0.40219.1
Project("{2150E333-8FDC-42A3-9474-1A3956D46DE8}") = "Infra.Core", "Infra.Core", "{6D7A45BF-B870-48F3-9ADB-79759877700C}"
EndProject
Project("{9A19103F-16F7-4668-BE54-9A1E7A4F7556}") = "AM.Core", "Infra.Core\AM.Core\AM.Core.csproj", "{C7C32028-369C-4ED5-A2BA-5922E3BDEE58}"
EndProject
Project("{9A19103F-16F7-4668-BE54-9A1E7A4F7556}") = "AM.Infra.EFCore", "Infra.Core\AM.Infra.EFCore\AM.Infra.EFCore.csproj", "{A5A9A5FC-5F2E-45C7-9AAE-19BE685C4372}"
EndProject
Project("{9A19103F-16F7-4668-BE54-9A1E7A4F7556}") = "AM.Infra.OpenTel", "Infra.Core\AM.Infra.OpenTel\AM.Infra.OpenTel.csproj", "{EEB82063-DAED-4498-AE6D-B6029539CDBB}"
EndProject
Project("{FAE04EC0-301F-11D3-BF4B-00C04F79EFBC}") = "AM.Infra", "Infra.Core\AM.Infra\AM.Infra.csproj", "{EB3A28E9-CA54-4DAC-8277-0639711CCD11}"
EndProject
Project("{2150E333-8FDC-42A3-9474-1A3956D46DE8}") = "App", "App", "{2E714420-CCA3-42D7-98F7-A27DAD28DBBD}"
EndProject
Project("{2150E333-8FDC-42A3-9474-1A3956D46DE8}") = "Customer", "Customer", "{91DC60FE-1C3D-4DD6-8836-722B9C4AD2D0}"
EndProject
Project("{FAE04EC0-301F-11D3-BF4B-00C04F79EFBC}") = "CustomerService.Core", "App\Customer\CustomerService.Core\CustomerService.Core.csproj", "{9252275F-3167-40F4-83C7-1DF4243C56D6}"
EndProject
Project("{2150E333-8FDC-42A3-9474-1A3956D46DE8}") = "DataContract", "DataContract", "{B824702B-09CA-4092-9351-6AE0BAF45F37}"
EndProject
Project("{FAE04EC0-301F-11D3-BF4B-00C04F79EFBC}") = "IntegrationEvents", "App\DataContract\IntegrationEvents\IntegrationEvents.csproj", "{70DC1E36-447B-456F-8224-F1673B1BF4A1}"
EndProject
Project("{FAE04EC0-301F-11D3-BF4B-00C04F79EFBC}") = "AppContracts", "App\DataContract\AppContracts\AppContracts.csproj", "{F5894178-530C-4093-AE97-BE8550507A3B}"
EndProject
Project("{FAE04EC0-301F-11D3-BF4B-00C04F79EFBC}") = "CustomerService.Infra", "App\Customer\CustomerService.Infra\CustomerService.Infra.csproj", "{DA306091-03E4-4FEA-9DC7-85741D9EDBD0}"
EndProject
Project("{FAE04EC0-301F-11D3-BF4B-00C04F79EFBC}") = "CustomerService.Api", "App\Customer\CustomerService.Api\CustomerService.Api.csproj", "{38F06A98-4AED-4CA4-A11E-C1F096DCED69}"
EndProject
Project("{2150E333-8FDC-42A3-9474-1A3956D46DE8}") = "Setting", "Setting", "{619A7410-5E22-4461-B0DD-96BDB40E66C9}"
EndProject
Project("{FAE04EC0-301F-11D3-BF4B-00C04F79EFBC}") = "SettingService.Infra", "App\Setting\SettingService.Infra\SettingService.Infra.csproj", "{98DF1B98-43A1-45B9-9372-7EC7BDB142B2}"
EndProject
Project("{FAE04EC0-301F-11D3-BF4B-00C04F79EFBC}") = "SettingService.Core", "App\Setting\SettingService.Core\SettingService.Core.csproj", "{975A6C63-1036-4E53-ACD9-69BAC09523CD}"
EndProject
Project("{FAE04EC0-301F-11D3-BF4B-00C04F79EFBC}") = "SettingService.Api", "App\Setting\SettingService.Api\SettingService.Api.csproj", "{8301071D-E807-407C-ADE1-FF2B9C8E5F2D}"
EndProject
Project("{2150E333-8FDC-42A3-9474-1A3956D46DE8}") = "Product", "Product", "{90D14758-1BEC-4140-9CC4-C72242663508}"
EndProject
Project("{FAE04EC0-301F-11D3-BF4B-00C04F79EFBC}") = "ProductService.Api", "App\Product\ProductService.Api\ProductService.Api.csproj", "{D27DDCA8-36FE-485D-897C-6F02A7BEBF10}"
EndProject
Project("{FAE04EC0-301F-11D3-BF4B-00C04F79EFBC}") = "ProductService.Core", "App\Product\ProductService.Core\ProductService.Core.csproj", "{19BCD4F0-26CC-412F-B308-442DD1F49CE0}"
EndProject
Project("{FAE04EC0-301F-11D3-BF4B-00C04F79EFBC}") = "ProductService.Infra", "App\Product\ProductService.Infra\ProductService.Infra.csproj", "{4D90D695-0394-4960-AEF7-BAE4A43FFD27}"
EndProject
Project("{FAE04EC0-301F-11D3-BF4B-00C04F79EFBC}") = "AppGateway", "App\AppGateway\AppGateway.csproj", "{B1FCB5A9-8602-438E-897A-2DD9003EE387}"
EndProject
Global
	GlobalSection(SolutionConfigurationPlatforms) = preSolution
		Debug|Any CPU = Debug|Any CPU
		Release|Any CPU = Release|Any CPU
	EndGlobalSection
	GlobalSection(ProjectConfigurationPlatforms) = postSolution
		{C7C32028-369C-4ED5-A2BA-5922E3BDEE58}.Debug|Any CPU.ActiveCfg = Debug|Any CPU
		{C7C32028-369C-4ED5-A2BA-5922E3BDEE58}.Debug|Any CPU.Build.0 = Debug|Any CPU
		{C7C32028-369C-4ED5-A2BA-5922E3BDEE58}.Release|Any CPU.ActiveCfg = Release|Any CPU
		{C7C32028-369C-4ED5-A2BA-5922E3BDEE58}.Release|Any CPU.Build.0 = Release|Any CPU
		{A5A9A5FC-5F2E-45C7-9AAE-19BE685C4372}.Debug|Any CPU.ActiveCfg = Debug|Any CPU
		{A5A9A5FC-5F2E-45C7-9AAE-19BE685C4372}.Debug|Any CPU.Build.0 = Debug|Any CPU
		{A5A9A5FC-5F2E-45C7-9AAE-19BE685C4372}.Release|Any CPU.ActiveCfg = Release|Any CPU
		{A5A9A5FC-5F2E-45C7-9AAE-19BE685C4372}.Release|Any CPU.Build.0 = Release|Any CPU
		{EEB82063-DAED-4498-AE6D-B6029539CDBB}.Debug|Any CPU.ActiveCfg = Debug|Any CPU
		{EEB82063-DAED-4498-AE6D-B6029539CDBB}.Debug|Any CPU.Build.0 = Debug|Any CPU
		{EEB82063-DAED-4498-AE6D-B6029539CDBB}.Release|Any CPU.ActiveCfg = Release|Any CPU
		{EEB82063-DAED-4498-AE6D-B6029539CDBB}.Release|Any CPU.Build.0 = Release|Any CPU
		{EB3A28E9-CA54-4DAC-8277-0639711CCD11}.Debug|Any CPU.ActiveCfg = Debug|Any CPU
		{EB3A28E9-CA54-4DAC-8277-0639711CCD11}.Debug|Any CPU.Build.0 = Debug|Any CPU
		{EB3A28E9-CA54-4DAC-8277-0639711CCD11}.Release|Any CPU.ActiveCfg = Release|Any CPU
		{EB3A28E9-CA54-4DAC-8277-0639711CCD11}.Release|Any CPU.Build.0 = Release|Any CPU
		{9252275F-3167-40F4-83C7-1DF4243C56D6}.Debug|Any CPU.ActiveCfg = Debug|Any CPU
		{9252275F-3167-40F4-83C7-1DF4243C56D6}.Debug|Any CPU.Build.0 = Debug|Any CPU
		{9252275F-3167-40F4-83C7-1DF4243C56D6}.Release|Any CPU.ActiveCfg = Release|Any CPU
		{9252275F-3167-40F4-83C7-1DF4243C56D6}.Release|Any CPU.Build.0 = Release|Any CPU
		{70DC1E36-447B-456F-8224-F1673B1BF4A1}.Debug|Any CPU.ActiveCfg = Debug|Any CPU
		{70DC1E36-447B-456F-8224-F1673B1BF4A1}.Debug|Any CPU.Build.0 = Debug|Any CPU
		{70DC1E36-447B-456F-8224-F1673B1BF4A1}.Release|Any CPU.ActiveCfg = Release|Any CPU
		{70DC1E36-447B-456F-8224-F1673B1BF4A1}.Release|Any CPU.Build.0 = Release|Any CPU
		{F5894178-530C-4093-AE97-BE8550507A3B}.Debug|Any CPU.ActiveCfg = Debug|Any CPU
		{F5894178-530C-4093-AE97-BE8550507A3B}.Debug|Any CPU.Build.0 = Debug|Any CPU
		{F5894178-530C-4093-AE97-BE8550507A3B}.Release|Any CPU.ActiveCfg = Release|Any CPU
		{F5894178-530C-4093-AE97-BE8550507A3B}.Release|Any CPU.Build.0 = Release|Any CPU
		{DA306091-03E4-4FEA-9DC7-85741D9EDBD0}.Debug|Any CPU.ActiveCfg = Debug|Any CPU
		{DA306091-03E4-4FEA-9DC7-85741D9EDBD0}.Debug|Any CPU.Build.0 = Debug|Any CPU
		{DA306091-03E4-4FEA-9DC7-85741D9EDBD0}.Release|Any CPU.ActiveCfg = Release|Any CPU
		{DA306091-03E4-4FEA-9DC7-85741D9EDBD0}.Release|Any CPU.Build.0 = Release|Any CPU
		{38F06A98-4AED-4CA4-A11E-C1F096DCED69}.Debug|Any CPU.ActiveCfg = Debug|Any CPU
		{38F06A98-4AED-4CA4-A11E-C1F096DCED69}.Debug|Any CPU.Build.0 = Debug|Any CPU
		{38F06A98-4AED-4CA4-A11E-C1F096DCED69}.Release|Any CPU.ActiveCfg = Release|Any CPU
		{38F06A98-4AED-4CA4-A11E-C1F096DCED69}.Release|Any CPU.Build.0 = Release|Any CPU
		{98DF1B98-43A1-45B9-9372-7EC7BDB142B2}.Debug|Any CPU.ActiveCfg = Debug|Any CPU
		{98DF1B98-43A1-45B9-9372-7EC7BDB142B2}.Debug|Any CPU.Build.0 = Debug|Any CPU
		{98DF1B98-43A1-45B9-9372-7EC7BDB142B2}.Release|Any CPU.ActiveCfg = Release|Any CPU
		{98DF1B98-43A1-45B9-9372-7EC7BDB142B2}.Release|Any CPU.Build.0 = Release|Any CPU
		{975A6C63-1036-4E53-ACD9-69BAC09523CD}.Debug|Any CPU.ActiveCfg = Debug|Any CPU
		{975A6C63-1036-4E53-ACD9-69BAC09523CD}.Debug|Any CPU.Build.0 = Debug|Any CPU
		{975A6C63-1036-4E53-ACD9-69BAC09523CD}.Release|Any CPU.ActiveCfg = Release|Any CPU
		{975A6C63-1036-4E53-ACD9-69BAC09523CD}.Release|Any CPU.Build.0 = Release|Any CPU
		{8301071D-E807-407C-ADE1-FF2B9C8E5F2D}.Debug|Any CPU.ActiveCfg = Debug|Any CPU
		{8301071D-E807-407C-ADE1-FF2B9C8E5F2D}.Debug|Any CPU.Build.0 = Debug|Any CPU
		{8301071D-E807-407C-ADE1-FF2B9C8E5F2D}.Release|Any CPU.ActiveCfg = Release|Any CPU
		{8301071D-E807-407C-ADE1-FF2B9C8E5F2D}.Release|Any CPU.Build.0 = Release|Any CPU
		{D27DDCA8-36FE-485D-897C-6F02A7BEBF10}.Debug|Any CPU.ActiveCfg = Debug|Any CPU
		{D27DDCA8-36FE-485D-897C-6F02A7BEBF10}.Debug|Any CPU.Build.0 = Debug|Any CPU
		{D27DDCA8-36FE-485D-897C-6F02A7BEBF10}.Release|Any CPU.ActiveCfg = Release|Any CPU
		{D27DDCA8-36FE-485D-897C-6F02A7BEBF10}.Release|Any CPU.Build.0 = Release|Any CPU
		{19BCD4F0-26CC-412F-B308-442DD1F49CE0}.Debug|Any CPU.ActiveCfg = Debug|Any CPU
		{19BCD4F0-26CC-412F-B308-442DD1F49CE0}.Debug|Any CPU.Build.0 = Debug|Any CPU
		{19BCD4F0-26CC-412F-B308-442DD1F49CE0}.Release|Any CPU.ActiveCfg = Release|Any CPU
		{19BCD4F0-26CC-412F-B308-442DD1F49CE0}.Release|Any CPU.Build.0 = Release|Any CPU
		{4D90D695-0394-4960-AEF7-BAE4A43FFD27}.Debug|Any CPU.ActiveCfg = Debug|Any CPU
		{4D90D695-0394-4960-AEF7-BAE4A43FFD27}.Debug|Any CPU.Build.0 = Debug|Any CPU
		{4D90D695-0394-4960-AEF7-BAE4A43FFD27}.Release|Any CPU.ActiveCfg = Release|Any CPU
		{4D90D695-0394-4960-AEF7-BAE4A43FFD27}.Release|Any CPU.Build.0 = Release|Any CPU
		{B1FCB5A9-8602-438E-897A-2DD9003EE387}.Debug|Any CPU.ActiveCfg = Debug|Any CPU
		{B1FCB5A9-8602-438E-897A-2DD9003EE387}.Debug|Any CPU.Build.0 = Debug|Any CPU
		{B1FCB5A9-8602-438E-897A-2DD9003EE387}.Release|Any CPU.ActiveCfg = Release|Any CPU
		{B1FCB5A9-8602-438E-897A-2DD9003EE387}.Release|Any CPU.Build.0 = Release|Any CPU
	EndGlobalSection
	GlobalSection(SolutionProperties) = preSolution
		HideSolutionNode = FALSE
	EndGlobalSection
	GlobalSection(NestedProjects) = preSolution
		{C7C32028-369C-4ED5-A2BA-5922E3BDEE58} = {6D7A45BF-B870-48F3-9ADB-79759877700C}
		{A5A9A5FC-5F2E-45C7-9AAE-19BE685C4372} = {6D7A45BF-B870-48F3-9ADB-79759877700C}
		{EEB82063-DAED-4498-AE6D-B6029539CDBB} = {6D7A45BF-B870-48F3-9ADB-79759877700C}
		{EB3A28E9-CA54-4DAC-8277-0639711CCD11} = {6D7A45BF-B870-48F3-9ADB-79759877700C}
		{91DC60FE-1C3D-4DD6-8836-722B9C4AD2D0} = {2E714420-CCA3-42D7-98F7-A27DAD28DBBD}
		{9252275F-3167-40F4-83C7-1DF4243C56D6} = {91DC60FE-1C3D-4DD6-8836-722B9C4AD2D0}
		{B824702B-09CA-4092-9351-6AE0BAF45F37} = {2E714420-CCA3-42D7-98F7-A27DAD28DBBD}
		{70DC1E36-447B-456F-8224-F1673B1BF4A1} = {B824702B-09CA-4092-9351-6AE0BAF45F37}
		{F5894178-530C-4093-AE97-BE8550507A3B} = {B824702B-09CA-4092-9351-6AE0BAF45F37}
		{DA306091-03E4-4FEA-9DC7-85741D9EDBD0} = {91DC60FE-1C3D-4DD6-8836-722B9C4AD2D0}
		{38F06A98-4AED-4CA4-A11E-C1F096DCED69} = {91DC60FE-1C3D-4DD6-8836-722B9C4AD2D0}
		{619A7410-5E22-4461-B0DD-96BDB40E66C9} = {2E714420-CCA3-42D7-98F7-A27DAD28DBBD}
		{98DF1B98-43A1-45B9-9372-7EC7BDB142B2} = {619A7410-5E22-4461-B0DD-96BDB40E66C9}
		{975A6C63-1036-4E53-ACD9-69BAC09523CD} = {619A7410-5E22-4461-B0DD-96BDB40E66C9}
		{8301071D-E807-407C-ADE1-FF2B9C8E5F2D} = {619A7410-5E22-4461-B0DD-96BDB40E66C9}
		{90D14758-1BEC-4140-9CC4-C72242663508} = {2E714420-CCA3-42D7-98F7-A27DAD28DBBD}
		{D27DDCA8-36FE-485D-897C-6F02A7BEBF10} = {90D14758-1BEC-4140-9CC4-C72242663508}
		{19BCD4F0-26CC-412F-B308-442DD1F49CE0} = {90D14758-1BEC-4140-9CC4-C72242663508}
		{4D90D695-0394-4960-AEF7-BAE4A43FFD27} = {90D14758-1BEC-4140-9CC4-C72242663508}
		{B1FCB5A9-8602-438E-897A-2DD9003EE387} = {2E714420-CCA3-42D7-98F7-A27DAD28DBBD}
	EndGlobalSection
	GlobalSection(ExtensibilityGlobals) = postSolution
		SolutionGuid = {C7B013C8-306B-4CCD-B9AC-4D39AC586DA9}
	EndGlobalSection
EndGlobal
